<?xml version="1.0" encoding="UTF-8" standalone="yes" ?>
<CodeBlocks_project_file>
	<FileVersion major="1" minor="6" />
	<Project>
		<Option title="PnP_conv" />
		<Option pch_mode="2" />
		<Option compiler="gcc" />
		<Build>
			<Target title="Release">
				<Option output="bin/Release/PnP_conv" prefix_auto="1" extension_auto="1" />
				<Option object_output="obj/Release/" />
				<Option type="0" />
				<Option compiler="gcc" />
				<Option projectLinkerOptionsRelation="2" />
				<Compiler>
					<Add option="-O2" />
				</Compiler>
				<Linker>
					<Add option="-s" />
				</Linker>
			</Target>
			<Target title="Debug">
				<Option output="bin/Debug/PnP_conv" prefix_auto="1" extension_auto="1" />
				<Option object_output="obj/Debug/" />
				<Option type="0" />
				<Option compiler="gcc" />
				<Option projectLinkerOptionsRelation="2" />
				<Compiler>
					<Add option="-g" />
				</Compiler>
			</Target>
		</Build>
		<Compiler>
			<Add option="-Wall" />
			<Add option="-pipe" />
			<Add option="-std=gnu++0x" />
			<Add option="`wx-config --version=2.9 --cflags`" />
			<Add directory="." />
			<Add directory="../../include" />
		</Compiler>
		<Linker>
			<Add option="`wx-config --version=2.9 --libs std,propgrid,aui`" />
			<Add directory="/usr/lib" />
		</Linker>
		<Unit filename="PnP_convApp.cpp" />
		<Unit filename="PnP_convApp.h" />
		<Unit filename="PnP_convMain.cpp" />
		<Unit filename="PnP_convMain.h" />
		<Unit filename="common.h" />
		<Unit filename="comp_table.cpp" />
		<Unit filename="comp_table.h" />
		<Unit filename="comp_type_table.cpp" />
		<Unit filename="comp_type_table.h" />
		<Unit filename="pattern_table.cpp" />
		<Unit filename="pattern_table.h" />
		<Unit filename="resource.rc">
			<Option compilerVar="WINDRES" />
		</Unit>
		<Unit filename="wxsmith/PnP_convframe.wxs" />
		<Extensions>
			<code_completion />
			<envvars />
			<debugger />
			<wxsmith version="1">
				<gui name="wxWidgets" src="PnP_convApp.cpp" main="PnP_convFrame" init_handlers="necessary" language="CPP" />
				<resources>
					<wxFrame wxs="wxsmith/PnP_convframe.wxs" src="PnP_convMain.cpp" hdr="PnP_convMain.h" fwddecl="0" i18n="1" name="PnP_convFrame" language="CPP" />
				</resources>
			</wxsmith>
		</Extensions>
	</Project>
</CodeBlocks_project_file>
